
Microsoft Visual Studio Solution File, Format Version 12.00
# Visual Studio Version 17
VisualStudioVersion = 17.9.34701.34
MinimumVisualStudioVersion = 10.0.40219.1
Project("{FAE04EC0-301F-11D3-BF4B-00C04F79EFBC}") = "Prototype_Eventfully", "Prototype_Eventfully.csproj", "{09A372AE-046E-401E-9367-3B2F2A4E6DB9}"
EndProject
Global
	GlobalSection(SolutionConfigurationPlatforms) = preSolution
		Debug|Any CPU = Debug|Any CPU
		Release|Any CPU = Release|Any CPU
	EndGlobalSection
	GlobalSection(ProjectConfigurationPlatforms) = postSolution
		{09A372AE-046E-401E-9367-3B2F2A4E6DB9}.Debug|Any CPU.ActiveCfg = Debug|Any CPU
		{09A372AE-046E-401E-9367-3B2F2A4E6DB9}.Debug|Any CPU.Build.0 = Debug|Any CPU
		{09A372AE-046E-401E-9367-3B2F2A4E6DB9}.Release|Any CPU.ActiveCfg = Release|Any CPU
		{09A372AE-046E-401E-9367-3B2F2A4E6DB9}.Release|Any CPU.Build.0 = Release|Any CPU
	EndGlobalSection
	GlobalSection(SolutionProperties) = preSolution
		HideSolutionNode = FALSE
	EndGlobalSection
	GlobalSection(ExtensibilityGlobals) = postSolution
		SolutionGuid = {348AD0C1-B79B-4CA0-978E-8C750CA0920A}
	EndGlobalSection
EndGlobal
